<?xml version="1.0" encoding="utf-8"?>
<Project ToolsVersion="4.0" xmlns="http://schemas.microsoft.com/developer/msbuild/2003">
  <ItemGroup>
    <Filter Include="Source Files">
      <UniqueIdentifier>{4FC737F1-C7A5-4376-A066-2A32D752A2FF}</UniqueIdentifier>
      <Extensions>cpp;c;cc;cxx;def;odl;idl;hpj;bat;asm;asmx</Extensions>
    </Filter>
    <Filter Include="Header Files">
      <UniqueIdentifier>{93995380-89BD-4b04-88EB-625FBE52EBFB}</UniqueIdentifier>
      <Extensions>h;hh;hpp;hxx;hm;inl;inc;xsd</Extensions>
    </Filter>
    <Filter Include="Resource Files">
      <UniqueIdentifier>{67DA6AB6-F800-4c08-8B7A-83BB121AAD01}</UniqueIdentifier>
      <Extensions>rc;ico;cur;bmp;dlg;rc2;rct;bin;rgs;gif;jpg;jpeg;jpe;resx;tiff;tif;png;wav;mfcribbon-ms</Extensions>
    </Filter>
    <Filter Include="Source Files\buttons">
      <UniqueIdentifier>{3eec4b8e-ada2-4c85-b7cf-655337dbc82f}</UniqueIdentifier>
    </Filter>
    <Filter Include="Header Files\buttons">
      <UniqueIdentifier>{fc9bc153-b0c9-4d7a-8a57-31208691f858}</UniqueIdentifier>
    </Filter>
    <Filter Include="Header Files\screens">
      <UniqueIdentifier>{8bb26513-9874-4fd3-93a0-ca07fd648e18}</UniqueIdentifier>
    </Filter>
    <Filter Include="Source Files\screens">
      <UniqueIdentifier>{cd400b36-667d-4078-a75c-e8925187ebcf}</UniqueIdentifier>
    </Filter>
    <Filter Include="Source Files\tiles">
      <UniqueIdentifier>{2a75dd8f-50c4-4c60-9f14-483ab5847f57}</UniqueIdentifier>
    </Filter>
    <Filter Include="Header Files\tiles">
      <UniqueIdentifier>{ee870519-e1c2-46b9-9722-80c41567a48f}</UniqueIdentifier>
    </Filter>
    <Filter Include="Header Files\stages">
      <UniqueIdentifier>{f98dc27f-cba4-49da-a801-ee512ac1a98f}</UniqueIdentifier>
    </Filter>
    <Filter Include="Source Files\stages">
      <UniqueIdentifier>{557c2a6b-d0aa-4d6e-bf58-3646307d9510}</UniqueIdentifier>
    </Filter>
    <Filter Include="Header Files\enemies">
      <UniqueIdentifier>{f8786cb4-64b6-4141-b653-d7b75fdcd9ee}</UniqueIdentifier>
    </Filter>
    <Filter Include="Source Files\Enemies">
      <UniqueIdentifier>{379a1981-b26c-4330-98ac-6574b8484479}</UniqueIdentifier>
    </Filter>
    <Filter Include="Header Files\towers">
      <UniqueIdentifier>{2d123c14-fde6-4b59-9839-1b9aaf411d0d}</UniqueIdentifier>
    </Filter>
    <Filter Include="Source Files\towers">
      <UniqueIdentifier>{9ee5e9b2-7467-4124-9216-ed5f430b3dff}</UniqueIdentifier>
    </Filter>
    <Filter Include="Header Files\projectiles">
      <UniqueIdentifier>{21613857-683a-495f-bc5e-e66912822dd7}</UniqueIdentifier>
    </Filter>
    <Filter Include="Source Files\projectiles">
      <UniqueIdentifier>{5c76109c-fa88-4921-9a44-ce44bea92e35}</UniqueIdentifier>
    </Filter>
  </ItemGroup>
  <ItemGroup>
    <ClCompile Include="Button.cpp">
      <Filter>Source Files\buttons</Filter>
    </ClCompile>
    <ClCompile Include="main.cpp">
      <Filter>Source Files</Filter>
    </ClCompile>
    <ClCompile Include="ScreenGame.cpp">
      <Filter>Source Files\screens</Filter>
    </ClCompile>
    <ClCompile Include="ScreenTitle.cpp">
      <Filter>Source Files\screens</Filter>
    </ClCompile>
    <ClCompile Include="Tile.cpp">
      <Filter>Source Files\tiles</Filter>
    </ClCompile>
    <ClCompile Include="Stage1.cpp">
      <Filter>Source Files\stages</Filter>
    </ClCompile>
    <ClCompile Include="HealthBar.cpp">
      <Filter>Source Files\Enemies</Filter>
    </ClCompile>
    <ClCompile Include="ScreenGameOver.cpp">
      <Filter>Source Files\screens</Filter>
    </ClCompile>
    <ClCompile Include="ButtonTower.cpp">
      <Filter>Source Files\buttons</Filter>
    </ClCompile>
    <ClCompile Include="Tower.cpp">
      <Filter>Source Files\towers</Filter>
    </ClCompile>
    <ClCompile Include="ButtonSell.cpp">
      <Filter>Source Files\buttons</Filter>
    </ClCompile>
    <ClCompile Include="Stage.cpp">
      <Filter>Source Files\stages</Filter>
    </ClCompile>
    <ClCompile Include="Projectile.cpp">
      <Filter>Source Files\projectiles</Filter>
    </ClCompile>
  </ItemGroup>
  <ItemGroup>
    <ClInclude Include="Button.h">
      <Filter>Header Files\buttons</Filter>
    </ClInclude>
    <ClInclude Include="Screen.h">
      <Filter>Header Files\screens</Filter>
    </ClInclude>
    <ClInclude Include="ScreenGame.h">
      <Filter>Header Files\screens</Filter>
    </ClInclude>
    <ClInclude Include="ScreenTitle.h">
      <Filter>Header Files\screens</Filter>
    </ClInclude>
    <ClInclude Include="main.h">
      <Filter>Header Files</Filter>
    </ClInclude>
    <ClInclude Include="Tile.h">
      <Filter>Header Files\tiles</Filter>
    </ClInclude>
    <ClInclude Include="Stage.h">
      <Filter>Header Files\stages</Filter>
    </ClInclude>
    <ClInclude Include="Stage1.h">
      <Filter>Header Files\stages</Filter>
    </ClInclude>
    <ClInclude Include="Enemy.h">
      <Filter>Header Files\enemies</Filter>
    </ClInclude>
    <ClInclude Include="HealthBar.h">
      <Filter>Header Files\enemies</Filter>
    </ClInclude>
    <ClInclude Include="ScreenGameOver.h">
      <Filter>Header Files\screens</Filter>
    </ClInclude>
    <ClInclude Include="Tower.h">
      <Filter>Header Files\towers</Filter>
    </ClInclude>
    <ClInclude Include="ButtonTower.h">
      <Filter>Header Files\buttons</Filter>
    </ClInclude>
    <ClInclude Include="ButtonSell.h">
      <Filter>Header Files\buttons</Filter>
    </ClInclude>
    <ClInclude Include="Projectile.h">
      <Filter>Header Files\projectiles</Filter>
    </ClInclude>
  </ItemGroup>
</Project>